
Microsoft Visual Studio Solution File, Format Version 12.00
# Visual Studio 15
Project("{FAE04EC0-301F-11D3-BF4B-00C04F79EFBC}") = "Zenject", "Zenject.csproj", "{325057B2-77EA-3566-1773-A821948502FA}"
EndProject
Project("{FAE04EC0-301F-11D3-BF4B-00C04F79EFBC}") = "Assembly-CSharp", "Assembly-CSharp.csproj", "{EAA3DE99-91C1-E345-7B1D-7F0C75A9E6B1}"
EndProject
Project("{FAE04EC0-301F-11D3-BF4B-00C04F79EFBC}") = "Zenject-IntegrationTests", "Zenject-IntegrationTests.csproj", "{61CF4934-ECBA-40B5-9EC1-CE664EEDEA3B}"
EndProject
Project("{FAE04EC0-301F-11D3-BF4B-00C04F79EFBC}") = "Zenject-IntegrationTests-Editor", "Zenject-IntegrationTests-Editor.csproj", "{CE545203-F6FD-32CE-A693-1C2FB02D0706}"
EndProject
Project("{FAE04EC0-301F-11D3-BF4B-00C04F79EFBC}") = "Zenject-PoolMonitor-Editor", "Zenject-PoolMonitor-Editor.csproj", "{DBFB0DE1-06C2-B5A2-1D5A-BEE29EE0054C}"
EndProject
Project("{FAE04EC0-301F-11D3-BF4B-00C04F79EFBC}") = "Zenject-UnitTests-Editor", "Zenject-UnitTests-Editor.csproj", "{8C04B167-62B8-5916-0543-5C7CCDD0589D}"
EndProject
Project("{FAE04EC0-301F-11D3-BF4B-00C04F79EFBC}") = "Zenject-TestFramework", "Zenject-TestFramework.csproj", "{C98BEFCA-546A-52F3-7744-974D7D01707D}"
EndProject
Project("{FAE04EC0-301F-11D3-BF4B-00C04F79EFBC}") = "Zenject-ReflectionBaking-Editor", "Zenject-ReflectionBaking-Editor.csproj", "{5D0E5145-5020-AA4F-526F-C55154429127}"
EndProject
Project("{FAE04EC0-301F-11D3-BF4B-00C04F79EFBC}") = "Zenject-Editor", "Zenject-Editor.csproj", "{C24997A9-C6C8-6CA5-A2E9-3F3E224B9F4D}"
EndProject
Global
	GlobalSection(SolutionConfigurationPlatforms) = preSolution
		Debug|Any CPU = Debug|Any CPU
		Release|Any CPU = Release|Any CPU
	EndGlobalSection
	GlobalSection(ProjectConfigurationPlatforms) = postSolution
		{325057B2-77EA-3566-1773-A821948502FA}.Debug|Any CPU.ActiveCfg = Debug|Any CPU
		{325057B2-77EA-3566-1773-A821948502FA}.Debug|Any CPU.Build.0 = Debug|Any CPU
		{325057B2-77EA-3566-1773-A821948502FA}.Release|Any CPU.ActiveCfg = Release|Any CPU
		{325057B2-77EA-3566-1773-A821948502FA}.Release|Any CPU.Build.0 = Release|Any CPU
		{EAA3DE99-91C1-E345-7B1D-7F0C75A9E6B1}.Debug|Any CPU.ActiveCfg = Debug|Any CPU
		{EAA3DE99-91C1-E345-7B1D-7F0C75A9E6B1}.Debug|Any CPU.Build.0 = Debug|Any CPU
		{EAA3DE99-91C1-E345-7B1D-7F0C75A9E6B1}.Release|Any CPU.ActiveCfg = Release|Any CPU
		{EAA3DE99-91C1-E345-7B1D-7F0C75A9E6B1}.Release|Any CPU.Build.0 = Release|Any CPU
		{61CF4934-ECBA-40B5-9EC1-CE664EEDEA3B}.Debug|Any CPU.ActiveCfg = Debug|Any CPU
		{61CF4934-ECBA-40B5-9EC1-CE664EEDEA3B}.Debug|Any CPU.Build.0 = Debug|Any CPU
		{61CF4934-ECBA-40B5-9EC1-CE664EEDEA3B}.Release|Any CPU.ActiveCfg = Release|Any CPU
		{61CF4934-ECBA-40B5-9EC1-CE664EEDEA3B}.Release|Any CPU.Build.0 = Release|Any CPU
		{CE545203-F6FD-32CE-A693-1C2FB02D0706}.Debug|Any CPU.ActiveCfg = Debug|Any CPU
		{CE545203-F6FD-32CE-A693-1C2FB02D0706}.Debug|Any CPU.Build.0 = Debug|Any CPU
		{CE545203-F6FD-32CE-A693-1C2FB02D0706}.Release|Any CPU.ActiveCfg = Release|Any CPU
		{CE545203-F6FD-32CE-A693-1C2FB02D0706}.Release|Any CPU.Build.0 = Release|Any CPU
		{DBFB0DE1-06C2-B5A2-1D5A-BEE29EE0054C}.Debug|Any CPU.ActiveCfg = Debug|Any CPU
		{DBFB0DE1-06C2-B5A2-1D5A-BEE29EE0054C}.Debug|Any CPU.Build.0 = Debug|Any CPU
		{DBFB0DE1-06C2-B5A2-1D5A-BEE29EE0054C}.Release|Any CPU.ActiveCfg = Release|Any CPU
		{DBFB0DE1-06C2-B5A2-1D5A-BEE29EE0054C}.Release|Any CPU.Build.0 = Release|Any CPU
		{8C04B167-62B8-5916-0543-5C7CCDD0589D}.Debug|Any CPU.ActiveCfg = Debug|Any CPU
		{8C04B167-62B8-5916-0543-5C7CCDD0589D}.Debug|Any CPU.Build.0 = Debug|Any CPU
		{8C04B167-62B8-5916-0543-5C7CCDD0589D}.Release|Any CPU.ActiveCfg = Release|Any CPU
		{8C04B167-62B8-5916-0543-5C7CCDD0589D}.Release|Any CPU.Build.0 = Release|Any CPU
		{C98BEFCA-546A-52F3-7744-974D7D01707D}.Debug|Any CPU.ActiveCfg = Debug|Any CPU
		{C98BEFCA-546A-52F3-7744-974D7D01707D}.Debug|Any CPU.Build.0 = Debug|Any CPU
		{C98BEFCA-546A-52F3-7744-974D7D01707D}.Release|Any CPU.ActiveCfg = Release|Any CPU
		{C98BEFCA-546A-52F3-7744-974D7D01707D}.Release|Any CPU.Build.0 = Release|Any CPU
		{5D0E5145-5020-AA4F-526F-C55154429127}.Debug|Any CPU.ActiveCfg = Debug|Any CPU
		{5D0E5145-5020-AA4F-526F-C55154429127}.Debug|Any CPU.Build.0 = Debug|Any CPU
		{5D0E5145-5020-AA4F-526F-C55154429127}.Release|Any CPU.ActiveCfg = Release|Any CPU
		{5D0E5145-5020-AA4F-526F-C55154429127}.Release|Any CPU.Build.0 = Release|Any CPU
		{C24997A9-C6C8-6CA5-A2E9-3F3E224B9F4D}.Debug|Any CPU.ActiveCfg = Debug|Any CPU
		{C24997A9-C6C8-6CA5-A2E9-3F3E224B9F4D}.Debug|Any CPU.Build.0 = Debug|Any CPU
		{C24997A9-C6C8-6CA5-A2E9-3F3E224B9F4D}.Release|Any CPU.ActiveCfg = Release|Any CPU
		{C24997A9-C6C8-6CA5-A2E9-3F3E224B9F4D}.Release|Any CPU.Build.0 = Release|Any CPU
	EndGlobalSection
	GlobalSection(SolutionProperties) = preSolution
		HideSolutionNode = FALSE
	EndGlobalSection
EndGlobal
